
Microsoft Visual Studio Solution File, Format Version 12.00
# Visual Studio Version 16
VisualStudioVersion = 16.0.28803.352
MinimumVisualStudioVersion = 10.0.40219.1
Project("{FAE04EC0-301F-11D3-BF4B-00C04F79EFBC}") = "DiceGameAssignment", "DiceGameAssignment.csproj", "{DBAEB3D5-4727-4D8B-84C4-D77EEA600671}"
EndProject
Global
	GlobalSection(SolutionConfigurationPlatforms) = preSolution
		Debug|Any CPU = Debug|Any CPU
		Release|Any CPU = Release|Any CPU
	EndGlobalSection
	GlobalSection(ProjectConfigurationPlatforms) = postSolution
		{DBAEB3D5-4727-4D8B-84C4-D77EEA600671}.Debug|Any CPU.ActiveCfg = Debug|Any CPU
		{DBAEB3D5-4727-4D8B-84C4-D77EEA600671}.Debug|Any CPU.Build.0 = Debug|Any CPU
		{DBAEB3D5-4727-4D8B-84C4-D77EEA600671}.Release|Any CPU.ActiveCfg = Release|Any CPU
		{DBAEB3D5-4727-4D8B-84C4-D77EEA600671}.Release|Any CPU.Build.0 = Release|Any CPU
	EndGlobalSection
	GlobalSection(SolutionProperties) = preSolution
		HideSolutionNode = FALSE
	EndGlobalSection
	GlobalSection(ExtensibilityGlobals) = postSolution
		SolutionGuid = {F986E6EE-E3A0-481A-8AAD-696BECD08DA6}
	EndGlobalSection
EndGlobal
